
Microsoft Visual Studio Solution File, Format Version 11.00
# Visual Studio 2010
Project("{FAE04EC0-301F-11D3-BF4B-00C04F79EFBC}") = "Hexacrest", "Assembly-CSharp.csproj", "{D924DC6A-FB1A-24E2-8004-4F9ED9952BE1}"
EndProject
Project("{FAE04EC0-301F-11D3-BF4B-00C04F79EFBC}") = "Hexacrest", "Assembly-CSharp-Editor.csproj", "{0AF2CE08-B591-B030-6888-F6CED09AC090}"
EndProject
Global
	GlobalSection(SolutionConfigurationPlatforms) = preSolution
		Debug|Any CPU = Debug|Any CPU
		Release|Any CPU = Release|Any CPU
	EndGlobalSection
	GlobalSection(ProjectConfigurationPlatforms) = postSolution
		{D924DC6A-FB1A-24E2-8004-4F9ED9952BE1}.Debug|Any CPU.ActiveCfg = Debug|Any CPU
		{D924DC6A-FB1A-24E2-8004-4F9ED9952BE1}.Debug|Any CPU.Build.0 = Debug|Any CPU
		{D924DC6A-FB1A-24E2-8004-4F9ED9952BE1}.Release|Any CPU.ActiveCfg = Release|Any CPU
		{D924DC6A-FB1A-24E2-8004-4F9ED9952BE1}.Release|Any CPU.Build.0 = Release|Any CPU
		{0AF2CE08-B591-B030-6888-F6CED09AC090}.Debug|Any CPU.ActiveCfg = Debug|Any CPU
		{0AF2CE08-B591-B030-6888-F6CED09AC090}.Debug|Any CPU.Build.0 = Debug|Any CPU
		{0AF2CE08-B591-B030-6888-F6CED09AC090}.Release|Any CPU.ActiveCfg = Release|Any CPU
		{0AF2CE08-B591-B030-6888-F6CED09AC090}.Release|Any CPU.Build.0 = Release|Any CPU
	EndGlobalSection
	GlobalSection(SolutionProperties) = preSolution
		HideSolutionNode = FALSE
	EndGlobalSection
	GlobalSection(MonoDevelopProperties) = preSolution
		StartupItem = Assembly-CSharp.csproj
	EndGlobalSection
EndGlobal
