
Microsoft Visual Studio Solution File, Format Version 11.00
# Visual Studio 2010
Project("{FAE04EC0-301F-11D3-BF4B-00C04F79EFBC}") = "Projekt", "Assembly-CSharp.csproj", "{78B42BEC-C559-63E3-6996-7DE1ABC1B6B0}"
EndProject
Project("{FAE04EC0-301F-11D3-BF4B-00C04F79EFBC}") = "Projekt", "Assembly-CSharp-Editor.csproj", "{FDE76E55-8F95-B17A-F5EB-F218F1B07F99}"
EndProject
Global
	GlobalSection(SolutionConfigurationPlatforms) = preSolution
		Debug|Any CPU = Debug|Any CPU
		Release|Any CPU = Release|Any CPU
	EndGlobalSection
	GlobalSection(ProjectConfigurationPlatforms) = postSolution
		{78B42BEC-C559-63E3-6996-7DE1ABC1B6B0}.Debug|Any CPU.ActiveCfg = Debug|Any CPU
		{78B42BEC-C559-63E3-6996-7DE1ABC1B6B0}.Debug|Any CPU.Build.0 = Debug|Any CPU
		{78B42BEC-C559-63E3-6996-7DE1ABC1B6B0}.Release|Any CPU.ActiveCfg = Release|Any CPU
		{78B42BEC-C559-63E3-6996-7DE1ABC1B6B0}.Release|Any CPU.Build.0 = Release|Any CPU
		{FDE76E55-8F95-B17A-F5EB-F218F1B07F99}.Debug|Any CPU.ActiveCfg = Debug|Any CPU
		{FDE76E55-8F95-B17A-F5EB-F218F1B07F99}.Debug|Any CPU.Build.0 = Debug|Any CPU
		{FDE76E55-8F95-B17A-F5EB-F218F1B07F99}.Release|Any CPU.ActiveCfg = Release|Any CPU
		{FDE76E55-8F95-B17A-F5EB-F218F1B07F99}.Release|Any CPU.Build.0 = Release|Any CPU
	EndGlobalSection
	GlobalSection(SolutionProperties) = preSolution
		HideSolutionNode = FALSE
	EndGlobalSection
	GlobalSection(MonoDevelopProperties) = preSolution
		StartupItem = Assembly-CSharp.csproj
	EndGlobalSection
EndGlobal
